lockfileVersion: '9.0'

settings:
  autoInstallPeers: true
  excludeLinksFromLockfile: false

importers:

  .:
    dependencies:
      effector:
        specifier: ^23.2.2
        version: 23.2.2
    devDependencies:
      '@types/node':
        specifier: ^20.14.9
        version: 20.14.9

packages:

  '@types/node@20.14.9':
    resolution: {integrity: sha512-06OCtnTXtWOZBJlRApleWndH4JsRVs1pDCc8dLSQp+7PpUpX3ePdHyeNSFTeSe7FtKyQkrlPvHwJOW3SLd8Oyg==}

  effector@23.2.2:
    resolution: {integrity: sha512-gzwATi9pgZQx0TNhM2LESmoUpEO+vhibLZPCvVzi7spMvKFwKnfJV2PFj4xqNFFSC35TXaznx30ne62dCQ6ZRQ==}
    engines: {node: '>=11.0.0'}

  undici-types@5.26.5:
    resolution: {integrity: sha512-JlCMO+ehdEIKqlFxk6IfVoAUVmgz7cU7zD/h9XZ0qzeosSHmUJVOzSQvvYSYWXkFXC+IfLKSIffhv0sVZup6pA==}

snapshots:

  '@types/node@20.14.9':
    dependencies:
      undici-types: 5.26.5

  effector@23.2.2: {}

  undici-types@5.26.5: {}
